// !$*UTF8*$!
{
	archiveVersion = 1;
	classes = {
	};
	objectVersion = 55;
	objects = {

/* Begin PBXBuildFile section */
		7C1B9C3327638D8400F29A69 /* AppDelegate.swift in Sources */ = {isa = PBXBuildFile; fileRef = 7C1B9C3227638D8400F29A69 /* AppDelegate.swift */; };
		7C1B9C3527638D8400F29A69 /* SceneDelegate.swift in Sources */ = {isa = PBXBuildFile; fileRef = 7C1B9C3427638D8400F29A69 /* SceneDelegate.swift */; };
		7C1B9C3727638D8400F29A69 /* MainViewController.swift in Sources */ = {isa = PBXBuildFile; fileRef = 7C1B9C3627638D8400F29A69 /* MainViewController.swift */; };
		7C1B9C3A27638D8400F29A69 /* Main.storyboard in Resources */ = {isa = PBXBuildFile; fileRef = 7C1B9C3827638D8400F29A69 /* Main.storyboard */; };
		7C1B9C3C27638D8400F29A69 /* Assets.xcassets in Resources */ = {isa = PBXBuildFile; fileRef = 7C1B9C3B27638D8400F29A69 /* Assets.xcassets */; };
		7C1B9C3F27638D8400F29A69 /* LaunchScreen.storyboard in Resources */ = {isa = PBXBuildFile; fileRef = 7C1B9C3D27638D8400F29A69 /* LaunchScreen.storyboard */; };
		D5B8C7CA46AB36B54D9EAD80 /* Pods_Passengers.framework in Frameworks */ = {isa = PBXBuildFile; fileRef = 42E1D541199A17C2E48CE532 /* Pods_Passengers.framework */; };
/* End PBXBuildFile section */

/* Begin PBXFileReference section */
		42E1D541199A17C2E48CE532 /* Pods_Passengers.framework */ = {isa = PBXFileReference; explicitFileType = wrapper.framework; includeInIndex = 0; path = Pods_Passengers.framework; sourceTree = BUILT_PRODUCTS_DIR; };
		436C0442995DC76721A924ED /* Pods-Passengers.debug.xcconfig */ = {isa = PBXFileReference; includeInIndex = 1; lastKnownFileType = text.xcconfig; name = "Pods-Passengers.debug.xcconfig"; path = "Target Support Files/Pods-Passengers/Pods-Passengers.debug.xcconfig"; sourceTree = "<group>"; };
		54C33C276A8422562C3EE9AA /* Pods-Passengers.release.xcconfig */ = {isa = PBXFileReference; includeInIndex = 1; lastKnownFileType = text.xcconfig; name = "Pods-Passengers.release.xcconfig"; path = "Target Support Files/Pods-Passengers/Pods-Passengers.release.xcconfig"; sourceTree = "<group>"; };
		7C1B9C2F27638D8400F29A69 /* Passengers.app */ = {isa = PBXFileReference; explicitFileType = wrapper.application; includeInIndex = 0; path = Passengers.app; sourceTree = BUILT_PRODUCTS_DIR; };
		7C1B9C3227638D8400F29A69 /* AppDelegate.swift */ = {isa = PBXFileReference; lastKnownFileType = sourcecode.swift; path = AppDelegate.swift; sourceTree = "<group>"; };
		7C1B9C3427638D8400F29A69 /* SceneDelegate.swift */ = {isa = PBXFileReference; lastKnownFileType = sourcecode.swift; path = SceneDelegate.swift; sourceTree = "<group>"; };
		7C1B9C3627638D8400F29A69 /* MainViewController.swift */ = {isa = PBXFileReference; lastKnownFileType = sourcecode.swift; path = MainViewController.swift; sourceTree = "<group>"; };
		7C1B9C3927638D8400F29A69 /* Base */ = {isa = PBXFileReference; lastKnownFileType = file.storyboard; name = Base; path = Base.lproj/Main.storyboard; sourceTree = "<group>"; };
		7C1B9C3B27638D8400F29A69 /* Assets.xcassets */ = {isa = PBXFileReference; lastKnownFileType = folder.assetcatalog; path = Assets.xcassets; sourceTree = "<group>"; };
		7C1B9C3E27638D8400F29A69 /* Base */ = {isa = PBXFileReference; lastKnownFileType = file.storyboard; name = Base; path = Base.lproj/LaunchScreen.storyboard; sourceTree = "<group>"; };
		7C1B9C4027638D8400F29A69 /* Info.plist */ = {isa = PBXFileReference; lastKnownFileType = text.plist.xml; path = Info.plist; sourceTree = "<group>"; };
/* End PBXFileReference section */

/* Begin PBXFrameworksBuildPhase section */
		7C1B9C2C27638D8400F29A69 /* Frameworks */ = {
			isa = PBXFrameworksBuildPhase;
			buildActionMask = 2147483647;
			files = (
				D5B8C7CA46AB36B54D9EAD80 /* Pods_Passengers.framework in Frameworks */,
			);
			runOnlyForDeploymentPostprocessing = 0;
		};
/* End PBXFrameworksBuildPhase section */

/* Begin PBXGroup section */
		4A051DBB96D4868B8D0DE0F2 /* Frameworks */ = {
			isa = PBXGroup;
			children = (
				42E1D541199A17C2E48CE532 /* Pods_Passengers.framework */,
			);
			name = Frameworks;
			sourceTree = "<group>";
		};
		7C1B9C2627638D8400F29A69 = {
			isa = PBXGroup;
			children = (
				7C1B9C3127638D8400F29A69 /* Passengers */,
				7C1B9C3027638D8400F29A69 /* Products */,
				83CCB3591674570FA7A62DEE /* Pods */,
				4A051DBB96D4868B8D0DE0F2 /* Frameworks */,
			);
			sourceTree = "<group>";
		};
		7C1B9C3027638D8400F29A69 /* Products */ = {
			isa = PBXGroup;
			children = (
				7C1B9C2F27638D8400F29A69 /* Passengers.app */,
			);
			name = Products;
			sourceTree = "<group>";
		};
		7C1B9C3127638D8400F29A69 /* Passengers */ = {
			isa = PBXGroup;
			children = (
				7C1B9C4D27639EA000F29A69 /* Extensions */,
				7C1B9C4A27639E5700F29A69 /* Realm */,
				7C1B9C4627639E2100F29A69 /* Modules */,
				7C1B9C4B27639E5D00F29A69 /* Supporting files */,
			);
			path = Passengers;
			sourceTree = "<group>";
		};
		7C1B9C4627639E2100F29A69 /* Modules */ = {
			isa = PBXGroup;
			children = (
				7C1B9C4927639E4E00F29A69 /* Passengers */,
				7C1B9C4827639E3C00F29A69 /* AddPassenger */,
				7C1B9C4727639E2B00F29A69 /* Main */,
			);
			path = Modules;
			sourceTree = "<group>";
		};
		7C1B9C4727639E2B00F29A69 /* Main */ = {
			isa = PBXGroup;
			children = (
				7C1B9C4C27639E8800F29A69 /* View */,
			);
			path = Main;
			sourceTree = "<group>";
		};
		7C1B9C4827639E3C00F29A69 /* AddPassenger */ = {
			isa = PBXGroup;
			children = (
			);
			path = AddPassenger;
			sourceTree = "<group>";
		};
		7C1B9C4927639E4E00F29A69 /* Passengers */ = {
			isa = PBXGroup;
			children = (
			);
			path = Passengers;
			sourceTree = "<group>";
		};
		7C1B9C4A27639E5700F29A69 /* Realm */ = {
			isa = PBXGroup;
			children = (
			);
			path = Realm;
			sourceTree = "<group>";
		};
		7C1B9C4B27639E5D00F29A69 /* Supporting files */ = {
			isa = PBXGroup;
			children = (
				7C1B9C3427638D8400F29A69 /* SceneDelegate.swift */,
				7C1B9C3227638D8400F29A69 /* AppDelegate.swift */,
				7C1B9C3B27638D8400F29A69 /* Assets.xcassets */,
				7C1B9C3D27638D8400F29A69 /* LaunchScreen.storyboard */,
				7C1B9C4027638D8400F29A69 /* Info.plist */,
			);
			path = "Supporting files";
			sourceTree = "<group>";
		};
		7C1B9C4C27639E8800F29A69 /* View */ = {
			isa = PBXGroup;
			children = (
				7C1B9C3827638D8400F29A69 /* Main.storyboard */,
				7C1B9C3627638D8400F29A69 /* MainViewController.swift */,
			);
			path = View;
			sourceTree = "<group>";
		};
		7C1B9C4D27639EA000F29A69 /* Extensions */ = {
			isa = PBXGroup;
			children = (
			);
			path = Extensions;
			sourceTree = "<group>";
		};
		83CCB3591674570FA7A62DEE /* Pods */ = {
			isa = PBXGroup;
			children = (
				436C0442995DC76721A924ED /* Pods-Passengers.debug.xcconfig */,
				54C33C276A8422562C3EE9AA /* Pods-Passengers.release.xcconfig */,
			);
			path = Pods;
			sourceTree = "<group>";
		};
/* End PBXGroup section */

/* Begin PBXNativeTarget section */
		7C1B9C2E27638D8400F29A69 /* Passengers */ = {
			isa = PBXNativeTarget;
			buildConfigurationList = 7C1B9C4327638D8400F29A69 /* Build configuration list for PBXNativeTarget "Passengers" */;
			buildPhases = (
				3EC0A0931888B0EA7B5B8883 /* [CP] Check Pods Manifest.lock */,
				7C1B9C2B27638D8400F29A69 /* Sources */,
				7C1B9C2C27638D8400F29A69 /* Frameworks */,
				7C1B9C2D27638D8400F29A69 /* Resources */,
				94A56D2602F28687A8CF7C36 /* [CP] Embed Pods Frameworks */,
			);
			buildRules = (
			);
			dependencies = (
			);
			name = Passengers;
			productName = Passengers;
			productReference = 7C1B9C2F27638D8400F29A69 /* Passengers.app */;
			productType = "com.apple.product-type.application";
		};
/* End PBXNativeTarget section */

/* Begin PBXProject section */
		7C1B9C2727638D8400F29A69 /* Project object */ = {
			isa = PBXProject;
			attributes = {
				BuildIndependentTargetsInParallel = 1;
				LastSwiftUpdateCheck = 1300;
				LastUpgradeCheck = 1300;
				TargetAttributes = {
					7C1B9C2E27638D8400F29A69 = {
						CreatedOnToolsVersion = 13.0;
					};
				};
			};
			buildConfigurationList = 7C1B9C2A27638D8400F29A69 /* Build configuration list for PBXProject "Passengers" */;
			compatibilityVersion = "Xcode 13.0";
			developmentRegion = en;
			hasScannedForEncodings = 0;
			knownRegions = (
				en,
				Base,
			);
			mainGroup = 7C1B9C2627638D8400F29A69;
			productRefGroup = 7C1B9C3027638D8400F29A69 /* Products */;
			projectDirPath = "";
			projectRoot = "";
			targets = (
				7C1B9C2E27638D8400F29A69 /* Passengers */,
			);
		};
/* End PBXProject section */

/* Begin PBXResourcesBuildPhase section */
		7C1B9C2D27638D8400F29A69 /* Resources */ = {
			isa = PBXResourcesBuildPhase;
			buildActionMask = 2147483647;
			files = (
				7C1B9C3F27638D8400F29A69 /* LaunchScreen.storyboard in Resources */,
				7C1B9C3C27638D8400F29A69 /* Assets.xcassets in Resources */,
				7C1B9C3A27638D8400F29A69 /* Main.storyboard in Resources */,
			);
			runOnlyForDeploymentPostprocessing = 0;
		};
/* End PBXResourcesBuildPhase section */

/* Begin PBXShellScriptBuildPhase section */
		3EC0A0931888B0EA7B5B8883 /* [CP] Check Pods Manifest.lock */ = {
			isa = PBXShellScriptBuildPhase;
			buildActionMask = 2147483647;
			files = (
			);
			inputFileListPaths = (
			);
			inputPaths = (
				"${PODS_PODFILE_DIR_PATH}/Podfile.lock",
				"${PODS_ROOT}/Manifest.lock",
			);
			name = "[CP] Check Pods Manifest.lock";
			outputFileListPaths = (
			);
			outputPaths = (
				"$(DERIVED_FILE_DIR)/Pods-Passengers-checkManifestLockResult.txt",
			);
			runOnlyForDeploymentPostprocessing = 0;
			shellPath = /bin/sh;
			shellScript = "diff \"${PODS_PODFILE_DIR_PATH}/Podfile.lock\" \"${PODS_ROOT}/Manifest.lock\" > /dev/null\nif [ $? != 0 ] ; then\n    # print error to STDERR\n    echo \"error: The sandbox is not in sync with the Podfile.lock. Run 'pod install' or update your CocoaPods installation.\" >&2\n    exit 1\nfi\n# This output is used by Xcode 'outputs' to avoid re-running this script phase.\necho \"SUCCESS\" > \"${SCRIPT_OUTPUT_FILE_0}\"\n";
			showEnvVarsInLog = 0;
		};
		94A56D2602F28687A8CF7C36 /* [CP] Embed Pods Frameworks */ = {
			isa = PBXShellScriptBuildPhase;
			buildActionMask = 2147483647;
			files = (
			);
			inputFileListPaths = (
				"${PODS_ROOT}/Target Support Files/Pods-Passengers/Pods-Passengers-frameworks-${CONFIGURATION}-input-files.xcfilelist",
			);
			name = "[CP] Embed Pods Frameworks";
			outputFileListPaths = (
				"${PODS_ROOT}/Target Support Files/Pods-Passengers/Pods-Passengers-frameworks-${CONFIGURATION}-output-files.xcfilelist",
			);
			runOnlyForDeploymentPostprocessing = 0;
			shellPath = /bin/sh;
			shellScript = "\"${PODS_ROOT}/Target Support Files/Pods-Passengers/Pods-Passengers-frameworks.sh\"\n";
			showEnvVarsInLog = 0;
		};
/* End PBXShellScriptBuildPhase section */

/* Begin PBXSourcesBuildPhase section */
		7C1B9C2B27638D8400F29A69 /* Sources */ = {
			isa = PBXSourcesBuildPhase;
			buildActionMask = 2147483647;
			files = (
				7C1B9C3727638D8400F29A69 /* MainViewController.swift in Sources */,
				7C1B9C3327638D8400F29A69 /* AppDelegate.swift in Sources */,
				7C1B9C3527638D8400F29A69 /* SceneDelegate.swift in Sources */,
			);
			runOnlyForDeploymentPostprocessing = 0;
		};
/* End PBXSourcesBuildPhase section */

/* Begin PBXVariantGroup section */
		7C1B9C3827638D8400F29A69 /* Main.storyboard */ = {
			isa = PBXVariantGroup;
			children = (
				7C1B9C3927638D8400F29A69 /* Base */,
			);
			name = Main.storyboard;
			sourceTree = "<group>";
		};
		7C1B9C3D27638D8400F29A69 /* LaunchScreen.storyboard */ = {
			isa = PBXVariantGroup;
			children = (
				7C1B9C3E27638D8400F29A69 /* Base */,
			);
			name = LaunchScreen.storyboard;
			sourceTree = "<group>";
		};
/* End PBXVariantGroup section */

/* Begin XCBuildConfiguration section */
		7C1B9C4127638D8400F29A69 /* Debug */ = {
			isa = XCBuildConfiguration;
			buildSettings = {
				ALWAYS_SEARCH_USER_PATHS = NO;
				CLANG_ANALYZER_NONNULL = YES;
				CLANG_ANALYZER_NUMBER_OBJECT_CONVERSION = YES_AGGRESSIVE;
				CLANG_CXX_LANGUAGE_STANDARD = "gnu++17";
				CLANG_CXX_LIBRARY = "libc++";
				CLANG_ENABLE_MODULES = YES;
				CLANG_ENABLE_OBJC_ARC = YES;
				CLANG_ENABLE_OBJC_WEAK = YES;
				CLANG_WARN_BLOCK_CAPTURE_AUTORELEASING = YES;
				CLANG_WARN_BOOL_CONVERSION = YES;
				CLANG_WARN_COMMA = YES;
				CLANG_WARN_CONSTANT_CONVERSION = YES;
				CLANG_WARN_DEPRECATED_OBJC_IMPLEMENTATIONS = YES;
				CLANG_WARN_DIRECT_OBJC_ISA_USAGE = YES_ERROR;
				CLANG_WARN_DOCUMENTATION_COMMENTS = YES;
				CLANG_WARN_EMPTY_BODY = YES;
				CLANG_WARN_ENUM_CONVERSION = YES;
				CLANG_WARN_INFINITE_RECURSION = YES;
				CLANG_WARN_INT_CONVERSION = YES;
				CLANG_WARN_NON_LITERAL_NULL_CONVERSION = YES;
				CLANG_WARN_OBJC_IMPLICIT_RETAIN_SELF = YES;
				CLANG_WARN_OBJC_LITERAL_CONVERSION = YES;
				CLANG_WARN_OBJC_ROOT_CLASS = YES_ERROR;
				CLANG_WARN_QUOTED_INCLUDE_IN_FRAMEWORK_HEADER = YES;
				CLANG_WARN_RANGE_LOOP_ANALYSIS = YES;
				CLANG_WARN_STRICT_PROTOTYPES = YES;
				CLANG_WARN_SUSPICIOUS_MOVE = YES;
				CLANG_WARN_UNGUARDED_AVAILABILITY = YES_AGGRESSIVE;
				CLANG_WARN_UNREACHABLE_CODE = YES;
				CLANG_WARN__DUPLICATE_METHOD_MATCH = YES;
				COPY_PHASE_STRIP = NO;
				DEBUG_INFORMATION_FORMAT = dwarf;
				ENABLE_STRICT_OBJC_MSGSEND = YES;
				ENABLE_TESTABILITY = YES;
				GCC_C_LANGUAGE_STANDARD = gnu11;
				GCC_DYNAMIC_NO_PIC = NO;
				GCC_NO_COMMON_BLOCKS = YES;
				GCC_OPTIMIZATION_LEVEL = 0;
				GCC_PREPROCESSOR_DEFINITIONS = (
					"DEBUG=1",
					"$(inherited)",
				);
				GCC_WARN_64_TO_32_BIT_CONVERSION = YES;
				GCC_WARN_ABOUT_RETURN_TYPE = YES_ERROR;
				GCC_WARN_UNDECLARED_SELECTOR = YES;
				GCC_WARN_UNINITIALIZED_AUTOS = YES_AGGRESSIVE;
				GCC_WARN_UNUSED_FUNCTION = YES;
				GCC_WARN_UNUSED_VARIABLE = YES;
				IPHONEOS_DEPLOYMENT_TARGET = 15.0;
				MTL_ENABLE_DEBUG_INFO = INCLUDE_SOURCE;
				MTL_FAST_MATH = YES;
				ONLY_ACTIVE_ARCH = YES;
				SDKROOT = iphoneos;
				SWIFT_ACTIVE_COMPILATION_CONDITIONS = DEBUG;
				SWIFT_OPTIMIZATION_LEVEL = "-Onone";
			};
			name = Debug;
		};
		7C1B9C4227638D8400F29A69 /* Release */ = {
			isa = XCBuildConfiguration;
			buildSettings = {
				ALWAYS_SEARCH_USER_PATHS = NO;
				CLANG_ANALYZER_NONNULL = YES;
				CLANG_ANALYZER_NUMBER_OBJECT_CONVERSION = YES_AGGRESSIVE;
				CLANG_CXX_LANGUAGE_STANDARD = "gnu++17";
				CLANG_CXX_LIBRARY = "libc++";
				CLANG_ENABLE_MODULES = YES;
				CLANG_ENABLE_OBJC_ARC = YES;
				CLANG_ENABLE_OBJC_WEAK = YES;
				CLANG_WARN_BLOCK_CAPTURE_AUTORELEASING = YES;
				CLANG_WARN_BOOL_CONVERSION = YES;
				CLANG_WARN_COMMA = YES;
				CLANG_WARN_CONSTANT_CONVERSION = YES;
				CLANG_WARN_DEPRECATED_OBJC_IMPLEMENTATIONS = YES;
				CLANG_WARN_DIRECT_OBJC_ISA_USAGE = YES_ERROR;
				CLANG_WARN_DOCUMENTATION_COMMENTS = YES;
				CLANG_WARN_EMPTY_BODY = YES;
				CLANG_WARN_ENUM_CONVERSION = YES;
				CLANG_WARN_INFINITE_RECURSION = YES;
				CLANG_WARN_INT_CONVERSION = YES;
				CLANG_WARN_NON_LITERAL_NULL_CONVERSION = YES;
				CLANG_WARN_OBJC_IMPLICIT_RETAIN_SELF = YES;
				CLANG_WARN_OBJC_LITERAL_CONVERSION = YES;
				CLANG_WARN_OBJC_ROOT_CLASS = YES_ERROR;
				CLANG_WARN_QUOTED_INCLUDE_IN_FRAMEWORK_HEADER = YES;
				CLANG_WARN_RANGE_LOOP_ANALYSIS = YES;
				CLANG_WARN_STRICT_PROTOTYPES = YES;
				CLANG_WARN_SUSPICIOUS_MOVE = YES;
				CLANG_WARN_UNGUARDED_AVAILABILITY = YES_AGGRESSIVE;
				CLANG_WARN_UNREACHABLE_CODE = YES;
				CLANG_WARN__DUPLICATE_METHOD_MATCH = YES;
				COPY_PHASE_STRIP = NO;
				DEBUG_INFORMATION_FORMAT = "dwarf-with-dsym";
				ENABLE_NS_ASSERTIONS = NO;
				ENABLE_STRICT_OBJC_MSGSEND = YES;
				GCC_C_LANGUAGE_STANDARD = gnu11;
				GCC_NO_COMMON_BLOCKS = YES;
				GCC_WARN_64_TO_32_BIT_CONVERSION = YES;
				GCC_WARN_ABOUT_RETURN_TYPE = YES_ERROR;
				GCC_WARN_UNDECLARED_SELECTOR = YES;
				GCC_WARN_UNINITIALIZED_AUTOS = YES_AGGRESSIVE;
				GCC_WARN_UNUSED_FUNCTION = YES;
				GCC_WARN_UNUSED_VARIABLE = YES;
				IPHONEOS_DEPLOYMENT_TARGET = 15.0;
				MTL_ENABLE_DEBUG_INFO = NO;
				MTL_FAST_MATH = YES;
				SDKROOT = iphoneos;
				SWIFT_COMPILATION_MODE = wholemodule;
				SWIFT_OPTIMIZATION_LEVEL = "-O";
				VALIDATE_PRODUCT = YES;
			};
			name = Release;
		};
		7C1B9C4427638D8400F29A69 /* Debug */ = {
			isa = XCBuildConfiguration;
			baseConfigurationReference = 436C0442995DC76721A924ED /* Pods-Passengers.debug.xcconfig */;
			buildSettings = {
				ASSETCATALOG_COMPILER_APPICON_NAME = AppIcon;
				ASSETCATALOG_COMPILER_GLOBAL_ACCENT_COLOR_NAME = AccentColor;
				CODE_SIGN_STYLE = Automatic;
				CURRENT_PROJECT_VERSION = 1;
				DEVELOPMENT_TEAM = JRSAMZW6G9;
				GENERATE_INFOPLIST_FILE = YES;
				INFOPLIST_FILE = Passengers/Info.plist;
				INFOPLIST_KEY_UIApplicationSupportsIndirectInputEvents = YES;
				INFOPLIST_KEY_UILaunchStoryboardName = LaunchScreen;
				INFOPLIST_KEY_UIMainStoryboardFile = Main;
				INFOPLIST_KEY_UISupportedInterfaceOrientations_iPad = "UIInterfaceOrientationPortrait UIInterfaceOrientationPortraitUpsideDown UIInterfaceOrientationLandscapeLeft UIInterfaceOrientationLandscapeRight";
				INFOPLIST_KEY_UISupportedInterfaceOrientations_iPhone = "UIInterfaceOrientationPortrait UIInterfaceOrientationLandscapeLeft UIInterfaceOrientationLandscapeRight";
				LD_RUNPATH_SEARCH_PATHS = (
					"$(inherited)",
					"@executable_path/Frameworks",
				);
				MARKETING_VERSION = 1.0;
				PRODUCT_BUNDLE_IDENTIFIER = "Pavel-Bezkorovainyi.Passengers";
				PRODUCT_NAME = "$(TARGET_NAME)";
				SWIFT_EMIT_LOC_STRINGS = YES;
				SWIFT_VERSION = 5.0;
				TARGETED_DEVICE_FAMILY = "1,2";
			};
			name = Debug;
		};
		7C1B9C4527638D8400F29A69 /* Release */ = {
			isa = XCBuildConfiguration;
			baseConfigurationReference = 54C33C276A8422562C3EE9AA /* Pods-Passengers.release.xcconfig */;
			buildSettings = {
				ASSETCATALOG_COMPILER_APPICON_NAME = AppIcon;
				ASSETCATALOG_COMPILER_GLOBAL_ACCENT_COLOR_NAME = AccentColor;
				CODE_SIGN_STYLE = Automatic;
				CURRENT_PROJECT_VERSION = 1;
				DEVELOPMENT_TEAM = JRSAMZW6G9;
				GENERATE_INFOPLIST_FILE = YES;
				INFOPLIST_FILE = Passengers/Info.plist;
				INFOPLIST_KEY_UIApplicationSupportsIndirectInputEvents = YES;
				INFOPLIST_KEY_UILaunchStoryboardName = LaunchScreen;
				INFOPLIST_KEY_UIMainStoryboardFile = Main;
				INFOPLIST_KEY_UISupportedInterfaceOrientations_iPad = "UIInterfaceOrientationPortrait UIInterfaceOrientationPortraitUpsideDown UIInterfaceOrientationLandscapeLeft UIInterfaceOrientationLandscapeRight";
				INFOPLIST_KEY_UISupportedInterfaceOrientations_iPhone = "UIInterfaceOrientationPortrait UIInterfaceOrientationLandscapeLeft UIInterfaceOrientationLandscapeRight";
				LD_RUNPATH_SEARCH_PATHS = (
					"$(inherited)",
					"@executable_path/Frameworks",
				);
				MARKETING_VERSION = 1.0;
				PRODUCT_BUNDLE_IDENTIFIER = "Pavel-Bezkorovainyi.Passengers";
				PRODUCT_NAME = "$(TARGET_NAME)";
				SWIFT_EMIT_LOC_STRINGS = YES;
				SWIFT_VERSION = 5.0;
				TARGETED_DEVICE_FAMILY = "1,2";
			};
			name = Release;
		};
/* End XCBuildConfiguration section */

/* Begin XCConfigurationList section */
		7C1B9C2A27638D8400F29A69 /* Build configuration list for PBXProject "Passengers" */ = {
			isa = XCConfigurationList;
			buildConfigurations = (
				7C1B9C4127638D8400F29A69 /* Debug */,
				7C1B9C4227638D8400F29A69 /* Release */,
			);
			defaultConfigurationIsVisible = 0;
			defaultConfigurationName = Release;
		};
		7C1B9C4327638D8400F29A69 /* Build configuration list for PBXNativeTarget "Passengers" */ = {
			isa = XCConfigurationList;
			buildConfigurations = (
				7C1B9C4427638D8400F29A69 /* Debug */,
				7C1B9C4527638D8400F29A69 /* Release */,
			);
			defaultConfigurationIsVisible = 0;
			defaultConfigurationName = Release;
		};
/* End XCConfigurationList section */
	};
	rootObject = 7C1B9C2727638D8400F29A69 /* Project object */;
}
